Microsoft Visual Studio Solution File, Format Version 12.00
# Visual Studio Version 17
VisualStudioVersion = 17.5.2.0
MinimumVisualStudioVersion = 10.0.40219.1
Project("{2150E333-8FDC-42A3-9474-1A3956D46DE8}") = "hello-world", "hello-world", "{D96D28C7-CAE0-45A6-D149-0DBFE4A23BD7}"
EndProject
Project("{FAE04EC0-301F-11D3-BF4B-00C04F79EFBC}") = "HelloWorld", "hello-world\HelloWorld.csproj", "{BD8F2DB4-4E53-E48A-3CE6-BF3844B2B64C}"
EndProject
Global
	GlobalSection(SolutionConfigurationPlatforms) = preSolution
		Debug|Any CPU = Debug|Any CPU
		Release|Any CPU = Release|Any CPU
	EndGlobalSection
	GlobalSection(ProjectConfigurationPlatforms) = postSolution
		{BD8F2DB4-4E53-E48A-3CE6-BF3844B2B64C}.Debug|Any CPU.ActiveCfg = Debug|Any CPU
		{BD8F2DB4-4E53-E48A-3CE6-BF3844B2B64C}.Debug|Any CPU.Build.0 = Debug|Any CPU
		{BD8F2DB4-4E53-E48A-3CE6-BF3844B2B64C}.Release|Any CPU.ActiveCfg = Release|Any CPU
		{BD8F2DB4-4E53-E48A-3CE6-BF3844B2B64C}.Release|Any CPU.Build.0 = Release|Any CPU
	EndGlobalSection
	GlobalSection(SolutionProperties) = preSolution
		HideSolutionNode = FALSE
	EndGlobalSection
	GlobalSection(NestedProjects) = preSolution
		{BD8F2DB4-4E53-E48A-3CE6-BF3844B2B64C} = {D96D28C7-CAE0-45A6-D149-0DBFE4A23BD7}
	EndGlobalSection
	GlobalSection(ExtensibilityGlobals) = postSolution
		SolutionGuid = {C331C268-55AE-4B9B-A865-3B69F52BA202}
	EndGlobalSection
EndGlobal
